PODS:
  - youtube-ios-player-helper (1.0.3)

DEPENDENCIES:
  - youtube-ios-player-helper

SPEC REPOS:
  trunk:
    - youtube-ios-player-helper

SPEC CHECKSUMS:
  youtube-ios-player-helper: 0185c57db23c80d63d6ca11251d110abb8a4ca61

PODFILE CHECKSUM: 99032e6aa8fdb7d24213fae7160f3a1f8712a572

COCOAPODS: 1.10.0
