// !$*UTF8*$!
{
	archiveVersion = 1;
	classes = {
	};
	objectVersion = 52;
	objects = {

/* Begin PBXBuildFile section */
		DC19400C27356180001F78ED /* DI.swift in Sources */ = {isa = PBXBuildFile; fileRef = DC19400B27356180001F78ED /* DI.swift */; };
		DC19400F27357FCA001F78ED /* ListsModel.swift in Sources */ = {isa = PBXBuildFile; fileRef = DC19400E27357FCA001F78ED /* ListsModel.swift */; };
		DC194013273581F4001F78ED /* AccountAndListTargetType.swift in Sources */ = {isa = PBXBuildFile; fileRef = DC194012273581F4001F78ED /* AccountAndListTargetType.swift */; };
		DC19401527358367001F78ED /* AccountParams.swift in Sources */ = {isa = PBXBuildFile; fileRef = DC19401427358367001F78ED /* AccountParams.swift */; };
		DC19401727358844001F78ED /* AccountAndListService.swift in Sources */ = {isa = PBXBuildFile; fileRef = DC19401627358844001F78ED /* AccountAndListService.swift */; };
		DC194019273588BA001F78ED /* AccountModel.swift in Sources */ = {isa = PBXBuildFile; fileRef = DC194018273588BA001F78ED /* AccountModel.swift */; };
		DC19401B27358A0A001F78ED /* FavoriteMovieResponce.swift in Sources */ = {isa = PBXBuildFile; fileRef = DC19401A27358A0A001F78ED /* FavoriteMovieResponce.swift */; };
		DC19401D27358A80001F78ED /* SuccessErrorModel.swift in Sources */ = {isa = PBXBuildFile; fileRef = DC19401C27358A80001F78ED /* SuccessErrorModel.swift */; };
		DC19401F273592B2001F78ED /* AccountServiceTest.swift in Sources */ = {isa = PBXBuildFile; fileRef = DC19401E273592B2001F78ED /* AccountServiceTest.swift */; };
		DC1940252735A08C001F78ED /* Account.json in Resources */ = {isa = PBXBuildFile; fileRef = DC1940242735A08C001F78ED /* Account.json */; };
		DC1940272735A5FF001F78ED /* List.json in Resources */ = {isa = PBXBuildFile; fileRef = DC1940262735A5FF001F78ED /* List.json */; };
		DC19402B2735A6C2001F78ED /* Movie.json in Resources */ = {isa = PBXBuildFile; fileRef = DC19402A2735A6C2001F78ED /* Movie.json */; };
		DC2B29F02733C8CA00233F5D /* AuthView.swift in Sources */ = {isa = PBXBuildFile; fileRef = DC2B29EF2733C8CA00233F5D /* AuthView.swift */; };
		DC2B2A082733D7D000233F5D /* CustomStackView.swift in Sources */ = {isa = PBXBuildFile; fileRef = DC2B29F62733D7D000233F5D /* CustomStackView.swift */; };
		DC2B2A172733DB3600233F5D /* LoginPasswordTextField.swift in Sources */ = {isa = PBXBuildFile; fileRef = DC2B2A162733DB3600233F5D /* LoginPasswordTextField.swift */; };
		DC2B2A1A2733EE8F00233F5D /* Layouts.swift in Sources */ = {isa = PBXBuildFile; fileRef = DC2B2A192733EE8F00233F5D /* Layouts.swift */; };
		DC2B2A1C2733EEA200233F5D /* Spacing.swift in Sources */ = {isa = PBXBuildFile; fileRef = DC2B2A1B2733EEA200233F5D /* Spacing.swift */; };
		DC2B2A1E2733EEAC00233F5D /* FontSize.swift in Sources */ = {isa = PBXBuildFile; fileRef = DC2B2A1D2733EEAC00233F5D /* FontSize.swift */; };
		DC2B2A202733EEC300233F5D /* CornerRadius.swift in Sources */ = {isa = PBXBuildFile; fileRef = DC2B2A1F2733EEC300233F5D /* CornerRadius.swift */; };
		DC2B2A232734254A00233F5D /* Router.swift in Sources */ = {isa = PBXBuildFile; fileRef = DC2B2A222734254A00233F5D /* Router.swift */; };
		DC2B2A282734262700233F5D /* Coordinator.swift in Sources */ = {isa = PBXBuildFile; fileRef = DC2B2A272734262700233F5D /* Coordinator.swift */; };
		DC2B2A2A2734267C00233F5D /* AppCoordinator.swift in Sources */ = {isa = PBXBuildFile; fileRef = DC2B2A292734267C00233F5D /* AppCoordinator.swift */; };
		DC2B2A2D273426F300233F5D /* CoordinatorFactory.swift in Sources */ = {isa = PBXBuildFile; fileRef = DC2B2A2C273426F300233F5D /* CoordinatorFactory.swift */; };
		DC2B2A2F2734274300233F5D /* CoordinatorFactoryImpl.swift in Sources */ = {isa = PBXBuildFile; fileRef = DC2B2A2E2734274300233F5D /* CoordinatorFactoryImpl.swift */; };
		DC2B2A312734285E00233F5D /* ScreenFactory.swift in Sources */ = {isa = PBXBuildFile; fileRef = DC2B2A302734285E00233F5D /* ScreenFactory.swift */; };
		DC2B2A33273428CE00233F5D /* ScreenFactoryImpl.swift in Sources */ = {isa = PBXBuildFile; fileRef = DC2B2A32273428CE00233F5D /* ScreenFactoryImpl.swift */; };
		DC2B2A3827342BBA00233F5D /* AuthPresenter.swift in Sources */ = {isa = PBXBuildFile; fileRef = DC2B2A3427342BBA00233F5D /* AuthPresenter.swift */; };
		DC2B2A3A27342BBA00233F5D /* AuthProtocols.swift in Sources */ = {isa = PBXBuildFile; fileRef = DC2B2A3627342BBA00233F5D /* AuthProtocols.swift */; };
		DC2B2A3D2734445600233F5D /* SignInButton.swift in Sources */ = {isa = PBXBuildFile; fileRef = DC2B2A3C2734445600233F5D /* SignInButton.swift */; };
		DC2B2A3F2734494800233F5D /* UIControl+Extension.swift in Sources */ = {isa = PBXBuildFile; fileRef = DC2B2A3E2734494800233F5D /* UIControl+Extension.swift */; };
		DC47F808272FDE24009603EE /* Result+Extenstion.swift in Sources */ = {isa = PBXBuildFile; fileRef = DC47F807272FDE24009603EE /* Result+Extenstion.swift */; };
		DC47F80B27300135009603EE /* AuthParams.swift in Sources */ = {isa = PBXBuildFile; fileRef = DC47F80A27300135009603EE /* AuthParams.swift */; };
		DC49A02C272E88C300F17DE9 /* BaseCollectionViewCell.swift in Sources */ = {isa = PBXBuildFile; fileRef = DC49A029272E88C300F17DE9 /* BaseCollectionViewCell.swift */; };
		DC49A02D272E88C300F17DE9 /* BaseTableViewCell.swift in Sources */ = {isa = PBXBuildFile; fileRef = DC49A02A272E88C300F17DE9 /* BaseTableViewCell.swift */; };
		DC49A02E272E88C300F17DE9 /* BaseViewController.swift in Sources */ = {isa = PBXBuildFile; fileRef = DC49A02B272E88C300F17DE9 /* BaseViewController.swift */; };
		DC49A031272E895500F17DE9 /* Kingfisher in Frameworks */ = {isa = PBXBuildFile; productRef = DC49A030272E895500F17DE9 /* Kingfisher */; };
		DC49A034272E897400F17DE9 /* CocoaLumberjackSwift in Frameworks */ = {isa = PBXBuildFile; productRef = DC49A033272E897400F17DE9 /* CocoaLumberjackSwift */; };
		DC49A036272E897400F17DE9 /* CocoaLumberjack in Frameworks */ = {isa = PBXBuildFile; productRef = DC49A035272E897400F17DE9 /* CocoaLumberjack */; };
		DC49A038272E897400F17DE9 /* CocoaLumberjackSwiftLogBackend in Frameworks */ = {isa = PBXBuildFile; productRef = DC49A037272E897400F17DE9 /* CocoaLumberjackSwiftLogBackend */; };
		DC49A03E272E92F200F17DE9 /* TargetType.swift in Sources */ = {isa = PBXBuildFile; fileRef = DC49A03D272E92F200F17DE9 /* TargetType.swift */; };
		DC49A040272E939800F17DE9 /* AuthTargetType.swift in Sources */ = {isa = PBXBuildFile; fileRef = DC49A03F272E939800F17DE9 /* AuthTargetType.swift */; };
		DC49A042272EA65600F17DE9 /* AuthService.swift in Sources */ = {isa = PBXBuildFile; fileRef = DC49A041272EA65600F17DE9 /* AuthService.swift */; };
		DC49A046272EA72E00F17DE9 /* AuthenticationToken.swift in Sources */ = {isa = PBXBuildFile; fileRef = DC49A045272EA72E00F17DE9 /* AuthenticationToken.swift */; };
		DC49A048272EA92900F17DE9 /* APIError.swift in Sources */ = {isa = PBXBuildFile; fileRef = DC49A047272EA92900F17DE9 /* APIError.swift */; };
		DC49A04A272EAB2500F17DE9 /* BaseAPI.swift in Sources */ = {isa = PBXBuildFile; fileRef = DC49A049272EAB2500F17DE9 /* BaseAPI.swift */; };
		DC49A04C272EAB6400F17DE9 /* NetworkService.swift in Sources */ = {isa = PBXBuildFile; fileRef = DC49A04B272EAB6400F17DE9 /* NetworkService.swift */; };
		DC49A04E272ECE8A00F17DE9 /* Encodable.swift in Sources */ = {isa = PBXBuildFile; fileRef = DC49A04D272ECE8A00F17DE9 /* Encodable.swift */; };
		DC49A050272EE8E800F17DE9 /* AuthServiceTest.swift in Sources */ = {isa = PBXBuildFile; fileRef = DC49A04F272EE8E800F17DE9 /* AuthServiceTest.swift */; };
		DC49A059272EE9C300F17DE9 /* SharedTestHelpers.swift in Sources */ = {isa = PBXBuildFile; fileRef = DC49A057272EE9C300F17DE9 /* SharedTestHelpers.swift */; };
		DC49A05A272EE9C300F17DE9 /* XCTestsCase+MemoryLeakTracking.swift in Sources */ = {isa = PBXBuildFile; fileRef = DC49A058272EE9C300F17DE9 /* XCTestsCase+MemoryLeakTracking.swift */; };
		DC835B9127350BED00C3A209 /* TabBarController.swift in Sources */ = {isa = PBXBuildFile; fileRef = DC835B9027350BED00C3A209 /* TabBarController.swift */; };
		DC835B932735124D00C3A209 /* AuthCoordinator.swift in Sources */ = {isa = PBXBuildFile; fileRef = DC835B922735124D00C3A209 /* AuthCoordinator.swift */; };
		DC835B952735231500C3A209 /* ListsCoordinator.swift in Sources */ = {isa = PBXBuildFile; fileRef = DC835B942735231500C3A209 /* ListsCoordinator.swift */; };
		DC835B9C273523B700C3A209 /* ListsPresenter.swift in Sources */ = {isa = PBXBuildFile; fileRef = DC835B97273523B700C3A209 /* ListsPresenter.swift */; };
		DC835B9E273523B700C3A209 /* ListsViewController.swift in Sources */ = {isa = PBXBuildFile; fileRef = DC835B99273523B700C3A209 /* ListsViewController.swift */; };
		DC835B9F273523B700C3A209 /* ListsProtocols.swift in Sources */ = {isa = PBXBuildFile; fileRef = DC835B9A273523B700C3A209 /* ListsProtocols.swift */; };
		DC835BA22735282500C3A209 /* TabBarCoordinator.swift in Sources */ = {isa = PBXBuildFile; fileRef = DC835BA12735282500C3A209 /* TabBarCoordinator.swift */; };
		DC864CD827366C0A009BA64A /* Model.xcdatamodeld in Sources */ = {isa = PBXBuildFile; fileRef = DC864CD627366C0A009BA64A /* Model.xcdatamodeld */; };
		DC864CDB27366F12009BA64A /* CoreDataStack.swift in Sources */ = {isa = PBXBuildFile; fileRef = DC864CDA27366F12009BA64A /* CoreDataStack.swift */; };
		DC864CDD27367010009BA64A /* MoviePersistence.swift in Sources */ = {isa = PBXBuildFile; fileRef = DC864CDC27367010009BA64A /* MoviePersistence.swift */; };
		DC864CE02736703E009BA64A /* StorageProtocol.swift in Sources */ = {isa = PBXBuildFile; fileRef = DC864CDF2736703E009BA64A /* StorageProtocol.swift */; };
		DC864CE3273673A2009BA64A /* MoviePersistenceTest.swift in Sources */ = {isa = PBXBuildFile; fileRef = DC864CE2273673A2009BA64A /* MoviePersistenceTest.swift */; };
		DC864CE627368D96009BA64A /* ListView.swift in Sources */ = {isa = PBXBuildFile; fileRef = DC864CE527368D96009BA64A /* ListView.swift */; };
		DC864CEE27369380009BA64A /* ListCollectionCell.swift in Sources */ = {isa = PBXBuildFile; fileRef = DC864CED27369380009BA64A /* ListCollectionCell.swift */; };
		DC864CF027369421009BA64A /* ListViewCell.swift in Sources */ = {isa = PBXBuildFile; fileRef = DC864CEF27369421009BA64A /* ListViewCell.swift */; };
		DC864CF2273697B1009BA64A /* CustomButton.swift in Sources */ = {isa = PBXBuildFile; fileRef = DC864CF1273697B1009BA64A /* CustomButton.swift */; };
		DC864CF52736C849009BA64A /* MBProgressHUD in Frameworks */ = {isa = PBXBuildFile; productRef = DC864CF42736C849009BA64A /* MBProgressHUD */; };
		DCC91BC32737E6C800F0E322 /* ListEntity.swift in Sources */ = {isa = PBXBuildFile; fileRef = DCC91BC22737E6C800F0E322 /* ListEntity.swift */; };
		DCC91BC52737F87100F0E322 /* ListDetailResponce.swift in Sources */ = {isa = PBXBuildFile; fileRef = DCC91BC42737F87100F0E322 /* ListDetailResponce.swift */; };
		DCCF8AA627299D6700933DD1 /* AppDelegate.swift in Sources */ = {isa = PBXBuildFile; fileRef = DCCF8AA527299D6700933DD1 /* AppDelegate.swift */; };
		DCCF8AA827299D6700933DD1 /* SceneDelegate.swift in Sources */ = {isa = PBXBuildFile; fileRef = DCCF8AA727299D6700933DD1 /* SceneDelegate.swift */; };
		DCCF8AAA27299D6700933DD1 /* AuthViewController.swift in Sources */ = {isa = PBXBuildFile; fileRef = DCCF8AA927299D6700933DD1 /* AuthViewController.swift */; };
		DCCF8AAF27299D6900933DD1 /* Assets.xcassets in Resources */ = {isa = PBXBuildFile; fileRef = DCCF8AAE27299D6900933DD1 /* Assets.xcassets */; };
		DCCF8AB227299D6900933DD1 /* LaunchScreen.storyboard in Resources */ = {isa = PBXBuildFile; fileRef = DCCF8AB027299D6900933DD1 /* LaunchScreen.storyboard */; };
		DCCF8ABD27299D6A00933DD1 /* MovieAppTests.swift in Sources */ = {isa = PBXBuildFile; fileRef = DCCF8ABC27299D6A00933DD1 /* MovieAppTests.swift */; };
		DCCF8AC827299D6A00933DD1 /* MovieAppUITests.swift in Sources */ = {isa = PBXBuildFile; fileRef = DCCF8AC727299D6A00933DD1 /* MovieAppUITests.swift */; };
		DCCF8ADC2729A20E00933DD1 /* SnapKit in Frameworks */ = {isa = PBXBuildFile; productRef = DCCF8ADB2729A20E00933DD1 /* SnapKit */; };
		DCCF8AF52729A26B00933DD1 /* CALayer+Extension.swift in Sources */ = {isa = PBXBuildFile; fileRef = DCCF8ADE2729A26B00933DD1 /* CALayer+Extension.swift */; };
		DCCF8AF72729A26B00933DD1 /* Date+Extension.swift in Sources */ = {isa = PBXBuildFile; fileRef = DCCF8AE02729A26B00933DD1 /* Date+Extension.swift */; };
		DCCF8AF82729A26B00933DD1 /* Int+Extension.swift in Sources */ = {isa = PBXBuildFile; fileRef = DCCF8AE12729A26B00933DD1 /* Int+Extension.swift */; };
		DCCF8AF92729A26B00933DD1 /* NSMutableAttributedString+Extension+Extension.swift in Sources */ = {isa = PBXBuildFile; fileRef = DCCF8AE22729A26B00933DD1 /* NSMutableAttributedString+Extension+Extension.swift */; };
		DCCF8AFA2729A26B00933DD1 /* NSSet+Extension.swift in Sources */ = {isa = PBXBuildFile; fileRef = DCCF8AE32729A26B00933DD1 /* NSSet+Extension.swift */; };
		DCCF8AFB2729A26B00933DD1 /* String+Extension.swift in Sources */ = {isa = PBXBuildFile; fileRef = DCCF8AE42729A26B00933DD1 /* String+Extension.swift */; };
		DCCF8AFC2729A26B00933DD1 /* TimeInterval+Extension.swift in Sources */ = {isa = PBXBuildFile; fileRef = DCCF8AE52729A26B00933DD1 /* TimeInterval+Extension.swift */; };
		DCCF8AFD2729A26B00933DD1 /* UIApplication+Extension.swift in Sources */ = {isa = PBXBuildFile; fileRef = DCCF8AE62729A26B00933DD1 /* UIApplication+Extension.swift */; };
		DCCF8AFE2729A26B00933DD1 /* UIButton+Extension.swift in Sources */ = {isa = PBXBuildFile; fileRef = DCCF8AE72729A26B00933DD1 /* UIButton+Extension.swift */; };
		DCCF8AFF2729A26B00933DD1 /* UICollectionView+Extension.swift in Sources */ = {isa = PBXBuildFile; fileRef = DCCF8AE82729A26B00933DD1 /* UICollectionView+Extension.swift */; };
		DCCF8B002729A26B00933DD1 /* UIColor+Extension.swift in Sources */ = {isa = PBXBuildFile; fileRef = DCCF8AE92729A26B00933DD1 /* UIColor+Extension.swift */; };
		DCCF8B012729A26B00933DD1 /* UIEdgeInsets+Extension.swift in Sources */ = {isa = PBXBuildFile; fileRef = DCCF8AEA2729A26B00933DD1 /* UIEdgeInsets+Extension.swift */; };
		DCCF8B022729A26B00933DD1 /* UIFont+Extension.swift in Sources */ = {isa = PBXBuildFile; fileRef = DCCF8AEB2729A26B00933DD1 /* UIFont+Extension.swift */; };
		DCCF8B032729A26B00933DD1 /* UIImage+Extension.swift in Sources */ = {isa = PBXBuildFile; fileRef = DCCF8AEC2729A26B00933DD1 /* UIImage+Extension.swift */; };
		DCCF8B042729A26B00933DD1 /* UIImageView+Extension.swift in Sources */ = {isa = PBXBuildFile; fileRef = DCCF8AED2729A26B00933DD1 /* UIImageView+Extension.swift */; };
		DCCF8B052729A26B00933DD1 /* UILabel+Extension.swift in Sources */ = {isa = PBXBuildFile; fileRef = DCCF8AEE2729A26B00933DD1 /* UILabel+Extension.swift */; };
		DCCF8B062729A26B00933DD1 /* UINavigationBar+Extension.swift in Sources */ = {isa = PBXBuildFile; fileRef = DCCF8AEF2729A26B00933DD1 /* UINavigationBar+Extension.swift */; };
		DCCF8B072729A26B00933DD1 /* UIScreen+Extension.swift in Sources */ = {isa = PBXBuildFile; fileRef = DCCF8AF02729A26B00933DD1 /* UIScreen+Extension.swift */; };
		DCCF8B082729A26B00933DD1 /* UITableView+Extension.swift in Sources */ = {isa = PBXBuildFile; fileRef = DCCF8AF12729A26B00933DD1 /* UITableView+Extension.swift */; };
		DCCF8B092729A26B00933DD1 /* UIView+Extension.swift in Sources */ = {isa = PBXBuildFile; fileRef = DCCF8AF22729A26B00933DD1 /* UIView+Extension.swift */; };
		DCCF8B0A2729A26B00933DD1 /* UIViewController+Extension.swift in Sources */ = {isa = PBXBuildFile; fileRef = DCCF8AF32729A26B00933DD1 /* UIViewController+Extension.swift */; };
		DCCF8B0B2729A26B00933DD1 /* UserDefaults+Extension.swift in Sources */ = {isa = PBXBuildFile; fileRef = DCCF8AF42729A26B00933DD1 /* UserDefaults+Extension.swift */; };
		DCCF8B132729A30200933DD1 /* Alert.swift in Sources */ = {isa = PBXBuildFile; fileRef = DCCF8B0D2729A30200933DD1 /* Alert.swift */; };
		DCCF8B152729A30200933DD1 /* Enum.swift in Sources */ = {isa = PBXBuildFile; fileRef = DCCF8B0F2729A30200933DD1 /* Enum.swift */; };
		DCCF8B162729A30200933DD1 /* Global.swift in Sources */ = {isa = PBXBuildFile; fileRef = DCCF8B102729A30200933DD1 /* Global.swift */; };
		DCCF8B172729A30200933DD1 /* ReusableView.swift in Sources */ = {isa = PBXBuildFile; fileRef = DCCF8B112729A30200933DD1 /* ReusableView.swift */; };
		DCCF8B182729A30200933DD1 /* Typealias.swift in Sources */ = {isa = PBXBuildFile; fileRef = DCCF8B122729A30200933DD1 /* Typealias.swift */; };
/* End PBXBuildFile section */

/* Begin PBXContainerItemProxy section */
		DCCF8AB927299D6A00933DD1 /* PBXContainerItemProxy */ = {
			isa = PBXContainerItemProxy;
			containerPortal = DCCF8A9A27299D6700933DD1 /* Project object */;
			proxyType = 1;
			remoteGlobalIDString = DCCF8AA127299D6700933DD1;
			remoteInfo = MovieApp;
		};
		DCCF8AC427299D6A00933DD1 /* PBXContainerItemProxy */ = {
			isa = PBXContainerItemProxy;
			containerPortal = DCCF8A9A27299D6700933DD1 /* Project object */;
			proxyType = 1;
			remoteGlobalIDString = DCCF8AA127299D6700933DD1;
			remoteInfo = MovieApp;
		};
/* End PBXContainerItemProxy section */

/* Begin PBXFileReference section */
		DC19400B27356180001F78ED /* DI.swift */ = {isa = PBXFileReference; lastKnownFileType = sourcecode.swift; path = DI.swift; sourceTree = "<group>"; };
		DC19400E27357FCA001F78ED /* ListsModel.swift */ = {isa = PBXFileReference; lastKnownFileType = sourcecode.swift; path = ListsModel.swift; sourceTree = "<group>"; };
		DC194012273581F4001F78ED /* AccountAndListTargetType.swift */ = {isa = PBXFileReference; lastKnownFileType = sourcecode.swift; path = AccountAndListTargetType.swift; sourceTree = "<group>"; };
		DC19401427358367001F78ED /* AccountParams.swift */ = {isa = PBXFileReference; lastKnownFileType = sourcecode.swift; path = AccountParams.swift; sourceTree = "<group>"; };
		DC19401627358844001F78ED /* AccountAndListService.swift */ = {isa = PBXFileReference; lastKnownFileType = sourcecode.swift; path = AccountAndListService.swift; sourceTree = "<group>"; };
		DC194018273588BA001F78ED /* AccountModel.swift */ = {isa = PBXFileReference; lastKnownFileType = sourcecode.swift; path = AccountModel.swift; sourceTree = "<group>"; };
		DC19401A27358A0A001F78ED /* FavoriteMovieResponce.swift */ = {isa = PBXFileReference; lastKnownFileType = sourcecode.swift; path = FavoriteMovieResponce.swift; sourceTree = "<group>"; };
		DC19401C27358A80001F78ED /* SuccessErrorModel.swift */ = {isa = PBXFileReference; lastKnownFileType = sourcecode.swift; path = SuccessErrorModel.swift; sourceTree = "<group>"; };
		DC19401E273592B2001F78ED /* AccountServiceTest.swift */ = {isa = PBXFileReference; lastKnownFileType = sourcecode.swift; path = AccountServiceTest.swift; sourceTree = "<group>"; };
		DC1940242735A08C001F78ED /* Account.json */ = {isa = PBXFileReference; lastKnownFileType = text.json; path = Account.json; sourceTree = "<group>"; };
		DC1940262735A5FF001F78ED /* List.json */ = {isa = PBXFileReference; lastKnownFileType = text.json; path = List.json; sourceTree = "<group>"; };
		DC19402A2735A6C2001F78ED /* Movie.json */ = {isa = PBXFileReference; lastKnownFileType = text.json; path = Movie.json; sourceTree = "<group>"; };
		DC2B29EF2733C8CA00233F5D /* AuthView.swift */ = {isa = PBXFileReference; lastKnownFileType = sourcecode.swift; path = AuthView.swift; sourceTree = "<group>"; };
		DC2B29F62733D7D000233F5D /* CustomStackView.swift */ = {isa = PBXFileReference; fileEncoding = 4; lastKnownFileType = sourcecode.swift; path = CustomStackView.swift; sourceTree = "<group>"; };
		DC2B2A162733DB3600233F5D /* LoginPasswordTextField.swift */ = {isa = PBXFileReference; lastKnownFileType = sourcecode.swift; path = LoginPasswordTextField.swift; sourceTree = "<group>"; };
		DC2B2A192733EE8F00233F5D /* Layouts.swift */ = {isa = PBXFileReference; lastKnownFileType = sourcecode.swift; path = Layouts.swift; sourceTree = "<group>"; };
		DC2B2A1B2733EEA200233F5D /* Spacing.swift */ = {isa = PBXFileReference; lastKnownFileType = sourcecode.swift; path = Spacing.swift; sourceTree = "<group>"; };
		DC2B2A1D2733EEAC00233F5D /* FontSize.swift */ = {isa = PBXFileReference; lastKnownFileType = sourcecode.swift; path = FontSize.swift; sourceTree = "<group>"; };
		DC2B2A1F2733EEC300233F5D /* CornerRadius.swift */ = {isa = PBXFileReference; lastKnownFileType = sourcecode.swift; path = CornerRadius.swift; sourceTree = "<group>"; };
		DC2B2A222734254A00233F5D /* Router.swift */ = {isa = PBXFileReference; lastKnownFileType = sourcecode.swift; path = Router.swift; sourceTree = "<group>"; };
		DC2B2A272734262700233F5D /* Coordinator.swift */ = {isa = PBXFileReference; lastKnownFileType = sourcecode.swift; path = Coordinator.swift; sourceTree = "<group>"; };
		DC2B2A292734267C00233F5D /* AppCoordinator.swift */ = {isa = PBXFileReference; lastKnownFileType = sourcecode.swift; path = AppCoordinator.swift; sourceTree = "<group>"; };
		DC2B2A2C273426F300233F5D /* CoordinatorFactory.swift */ = {isa = PBXFileReference; lastKnownFileType = sourcecode.swift; path = CoordinatorFactory.swift; sourceTree = "<group>"; };
		DC2B2A2E2734274300233F5D /* CoordinatorFactoryImpl.swift */ = {isa = PBXFileReference; lastKnownFileType = sourcecode.swift; path = CoordinatorFactoryImpl.swift; sourceTree = "<group>"; };
		DC2B2A302734285E00233F5D /* ScreenFactory.swift */ = {isa = PBXFileReference; lastKnownFileType = sourcecode.swift; path = ScreenFactory.swift; sourceTree = "<group>"; };
		DC2B2A32273428CE00233F5D /* ScreenFactoryImpl.swift */ = {isa = PBXFileReference; lastKnownFileType = sourcecode.swift; path = ScreenFactoryImpl.swift; sourceTree = "<group>"; };
		DC2B2A3427342BBA00233F5D /* AuthPresenter.swift */ = {isa = PBXFileReference; lastKnownFileType = sourcecode.swift; path = AuthPresenter.swift; sourceTree = "<group>"; };
		DC2B2A3627342BBA00233F5D /* AuthProtocols.swift */ = {isa = PBXFileReference; lastKnownFileType = sourcecode.swift; path = AuthProtocols.swift; sourceTree = "<group>"; };
		DC2B2A3C2734445600233F5D /* SignInButton.swift */ = {isa = PBXFileReference; lastKnownFileType = sourcecode.swift; path = SignInButton.swift; sourceTree = "<group>"; };
		DC2B2A3E2734494800233F5D /* UIControl+Extension.swift */ = {isa = PBXFileReference; lastKnownFileType = sourcecode.swift; path = "UIControl+Extension.swift"; sourceTree = "<group>"; };
		DC47F807272FDE24009603EE /* Result+Extenstion.swift */ = {isa = PBXFileReference; lastKnownFileType = sourcecode.swift; path = "Result+Extenstion.swift"; sourceTree = "<group>"; };
		DC47F80A27300135009603EE /* AuthParams.swift */ = {isa = PBXFileReference; lastKnownFileType = sourcecode.swift; path = AuthParams.swift; sourceTree = "<group>"; };
		DC49A029272E88C300F17DE9 /* BaseCollectionViewCell.swift */ = {isa = PBXFileReference; fileEncoding = 4; lastKnownFileType = sourcecode.swift; path = BaseCollectionViewCell.swift; sourceTree = "<group>"; };
		DC49A02A272E88C300F17DE9 /* BaseTableViewCell.swift */ = {isa = PBXFileReference; fileEncoding = 4; lastKnownFileType = sourcecode.swift; path = BaseTableViewCell.swift; sourceTree = "<group>"; };
		DC49A02B272E88C300F17DE9 /* BaseViewController.swift */ = {isa = PBXFileReference; fileEncoding = 4; lastKnownFileType = sourcecode.swift; path = BaseViewController.swift; sourceTree = "<group>"; };
		DC49A03D272E92F200F17DE9 /* TargetType.swift */ = {isa = PBXFileReference; lastKnownFileType = sourcecode.swift; path = TargetType.swift; sourceTree = "<group>"; };
		DC49A03F272E939800F17DE9 /* AuthTargetType.swift */ = {isa = PBXFileReference; lastKnownFileType = sourcecode.swift; path = AuthTargetType.swift; sourceTree = "<group>"; };
		DC49A041272EA65600F17DE9 /* AuthService.swift */ = {isa = PBXFileReference; lastKnownFileType = sourcecode.swift; path = AuthService.swift; sourceTree = "<group>"; };
		DC49A045272EA72E00F17DE9 /* AuthenticationToken.swift */ = {isa = PBXFileReference; lastKnownFileType = sourcecode.swift; path = AuthenticationToken.swift; sourceTree = "<group>"; };
		DC49A047272EA92900F17DE9 /* APIError.swift */ = {isa = PBXFileReference; fileEncoding = 4; lastKnownFileType = sourcecode.swift; path = APIError.swift; sourceTree = "<group>"; };
		DC49A049272EAB2500F17DE9 /* BaseAPI.swift */ = {isa = PBXFileReference; lastKnownFileType = sourcecode.swift; path = BaseAPI.swift; sourceTree = "<group>"; };
		DC49A04B272EAB6400F17DE9 /* NetworkService.swift */ = {isa = PBXFileReference; lastKnownFileType = sourcecode.swift; path = NetworkService.swift; sourceTree = "<group>"; };
		DC49A04D272ECE8A00F17DE9 /* Encodable.swift */ = {isa = PBXFileReference; fileEncoding = 4; lastKnownFileType = sourcecode.swift; path = Encodable.swift; sourceTree = "<group>"; };
		DC49A04F272EE8E800F17DE9 /* AuthServiceTest.swift */ = {isa = PBXFileReference; lastKnownFileType = sourcecode.swift; path = AuthServiceTest.swift; sourceTree = "<group>"; };
		DC49A057272EE9C300F17DE9 /* SharedTestHelpers.swift */ = {isa = PBXFileReference; fileEncoding = 4; lastKnownFileType = sourcecode.swift; path = SharedTestHelpers.swift; sourceTree = "<group>"; };
		DC49A058272EE9C300F17DE9 /* XCTestsCase+MemoryLeakTracking.swift */ = {isa = PBXFileReference; fileEncoding = 4; lastKnownFileType = sourcecode.swift; path = "XCTestsCase+MemoryLeakTracking.swift"; sourceTree = "<group>"; };
		DC835B9027350BED00C3A209 /* TabBarController.swift */ = {isa = PBXFileReference; lastKnownFileType = sourcecode.swift; path = TabBarController.swift; sourceTree = "<group>"; };
		DC835B922735124D00C3A209 /* AuthCoordinator.swift */ = {isa = PBXFileReference; lastKnownFileType = sourcecode.swift; path = AuthCoordinator.swift; sourceTree = "<group>"; };
		DC835B942735231500C3A209 /* ListsCoordinator.swift */ = {isa = PBXFileReference; lastKnownFileType = sourcecode.swift; path = ListsCoordinator.swift; sourceTree = "<group>"; };
		DC835B97273523B700C3A209 /* ListsPresenter.swift */ = {isa = PBXFileReference; lastKnownFileType = sourcecode.swift; path = ListsPresenter.swift; sourceTree = "<group>"; };
		DC835B99273523B700C3A209 /* ListsViewController.swift */ = {isa = PBXFileReference; lastKnownFileType = sourcecode.swift; path = ListsViewController.swift; sourceTree = "<group>"; };
		DC835B9A273523B700C3A209 /* ListsProtocols.swift */ = {isa = PBXFileReference; lastKnownFileType = sourcecode.swift; path = ListsProtocols.swift; sourceTree = "<group>"; };
		DC835BA12735282500C3A209 /* TabBarCoordinator.swift */ = {isa = PBXFileReference; lastKnownFileType = sourcecode.swift; path = TabBarCoordinator.swift; sourceTree = "<group>"; };
		DC864CD727366C0A009BA64A /* Model.xcdatamodel */ = {isa = PBXFileReference; lastKnownFileType = wrapper.xcdatamodel; path = Model.xcdatamodel; sourceTree = "<group>"; };
		DC864CDA27366F12009BA64A /* CoreDataStack.swift */ = {isa = PBXFileReference; lastKnownFileType = sourcecode.swift; path = CoreDataStack.swift; sourceTree = "<group>"; };
		DC864CDC27367010009BA64A /* MoviePersistence.swift */ = {isa = PBXFileReference; lastKnownFileType = sourcecode.swift; path = MoviePersistence.swift; sourceTree = "<group>"; };
		DC864CDF2736703E009BA64A /* StorageProtocol.swift */ = {isa = PBXFileReference; fileEncoding = 4; lastKnownFileType = sourcecode.swift; path = StorageProtocol.swift; sourceTree = "<group>"; };
		DC864CE2273673A2009BA64A /* MoviePersistenceTest.swift */ = {isa = PBXFileReference; lastKnownFileType = sourcecode.swift; path = MoviePersistenceTest.swift; sourceTree = "<group>"; };
		DC864CE527368D96009BA64A /* ListView.swift */ = {isa = PBXFileReference; lastKnownFileType = sourcecode.swift; path = ListView.swift; sourceTree = "<group>"; };
		DC864CED27369380009BA64A /* ListCollectionCell.swift */ = {isa = PBXFileReference; lastKnownFileType = sourcecode.swift; path = ListCollectionCell.swift; sourceTree = "<group>"; };
		DC864CEF27369421009BA64A /* ListViewCell.swift */ = {isa = PBXFileReference; lastKnownFileType = sourcecode.swift; path = ListViewCell.swift; sourceTree = "<group>"; };
		DC864CF1273697B1009BA64A /* CustomButton.swift */ = {isa = PBXFileReference; lastKnownFileType = sourcecode.swift; path = CustomButton.swift; sourceTree = "<group>"; };
		DCC91BC22737E6C800F0E322 /* ListEntity.swift */ = {isa = PBXFileReference; lastKnownFileType = sourcecode.swift; path = ListEntity.swift; sourceTree = "<group>"; };
		DCC91BC42737F87100F0E322 /* ListDetailResponce.swift */ = {isa = PBXFileReference; lastKnownFileType = sourcecode.swift; path = ListDetailResponce.swift; sourceTree = "<group>"; };
		DCCF8AA227299D6700933DD1 /* MovieApp.app */ = {isa = PBXFileReference; explicitFileType = wrapper.application; includeInIndex = 0; path = MovieApp.app; sourceTree = BUILT_PRODUCTS_DIR; };
		DCCF8AA527299D6700933DD1 /* AppDelegate.swift */ = {isa = PBXFileReference; lastKnownFileType = sourcecode.swift; path = AppDelegate.swift; sourceTree = "<group>"; };
		DCCF8AA727299D6700933DD1 /* SceneDelegate.swift */ = {isa = PBXFileReference; lastKnownFileType = sourcecode.swift; path = SceneDelegate.swift; sourceTree = "<group>"; };
		DCCF8AA927299D6700933DD1 /* AuthViewController.swift */ = {isa = PBXFileReference; lastKnownFileType = sourcecode.swift; path = AuthViewController.swift; sourceTree = "<group>"; };
		DCCF8AAE27299D6900933DD1 /* Assets.xcassets */ = {isa = PBXFileReference; lastKnownFileType = folder.assetcatalog; path = Assets.xcassets; sourceTree = "<group>"; };
		DCCF8AB127299D6900933DD1 /* Base */ = {isa = PBXFileReference; lastKnownFileType = file.storyboard; name = Base; path = Base.lproj/LaunchScreen.storyboard; sourceTree = "<group>"; };
		DCCF8AB327299D6900933DD1 /* Info.plist */ = {isa = PBXFileReference; lastKnownFileType = text.plist.xml; path = Info.plist; sourceTree = "<group>"; };
		DCCF8AB827299D6A00933DD1 /* MovieAppTests.xctest */ = {isa = PBXFileReference; explicitFileType = wrapper.cfbundle; includeInIndex = 0; path = MovieAppTests.xctest; sourceTree = BUILT_PRODUCTS_DIR; };
		DCCF8ABC27299D6A00933DD1 /* MovieAppTests.swift */ = {isa = PBXFileReference; lastKnownFileType = sourcecode.swift; path = MovieAppTests.swift; sourceTree = "<group>"; };
		DCCF8ABE27299D6A00933DD1 /* Info.plist */ = {isa = PBXFileReference; lastKnownFileType = text.plist.xml; path = Info.plist; sourceTree = "<group>"; };
		DCCF8AC327299D6A00933DD1 /* MovieAppUITests.xctest */ = {isa = PBXFileReference; explicitFileType = wrapper.cfbundle; includeInIndex = 0; path = MovieAppUITests.xctest; sourceTree = BUILT_PRODUCTS_DIR; };
		DCCF8AC727299D6A00933DD1 /* MovieAppUITests.swift */ = {isa = PBXFileReference; lastKnownFileType = sourcecode.swift; path = MovieAppUITests.swift; sourceTree = "<group>"; };
		DCCF8AC927299D6A00933DD1 /* Info.plist */ = {isa = PBXFileReference; lastKnownFileType = text.plist.xml; path = Info.plist; sourceTree = "<group>"; };
		DCCF8ADE2729A26B00933DD1 /* CALayer+Extension.swift */ = {isa = PBXFileReference; fileEncoding = 4; lastKnownFileType = sourcecode.swift; path = "CALayer+Extension.swift"; sourceTree = "<group>"; };
		DCCF8AE02729A26B00933DD1 /* Date+Extension.swift */ = {isa = PBXFileReference; fileEncoding = 4; lastKnownFileType = sourcecode.swift; path = "Date+Extension.swift"; sourceTree = "<group>"; };
		DCCF8AE12729A26B00933DD1 /* Int+Extension.swift */ = {isa = PBXFileReference; fileEncoding = 4; lastKnownFileType = sourcecode.swift; path = "Int+Extension.swift"; sourceTree = "<group>"; };
		DCCF8AE22729A26B00933DD1 /* NSMutableAttributedString+Extension+Extension.swift */ = {isa = PBXFileReference; fileEncoding = 4; lastKnownFileType = sourcecode.swift; path = "NSMutableAttributedString+Extension+Extension.swift"; sourceTree = "<group>"; };
		DCCF8AE32729A26B00933DD1 /* NSSet+Extension.swift */ = {isa = PBXFileReference; fileEncoding = 4; lastKnownFileType = sourcecode.swift; path = "NSSet+Extension.swift"; sourceTree = "<group>"; };
		DCCF8AE42729A26B00933DD1 /* String+Extension.swift */ = {isa = PBXFileReference; fileEncoding = 4; lastKnownFileType = sourcecode.swift; path = "String+Extension.swift"; sourceTree = "<group>"; };
		DCCF8AE52729A26B00933DD1 /* TimeInterval+Extension.swift */ = {isa = PBXFileReference; fileEncoding = 4; lastKnownFileType = sourcecode.swift; path = "TimeInterval+Extension.swift"; sourceTree = "<group>"; };
		DCCF8AE62729A26B00933DD1 /* UIApplication+Extension.swift */ = {isa = PBXFileReference; fileEncoding = 4; lastKnownFileType = sourcecode.swift; path = "UIApplication+Extension.swift"; sourceTree = "<group>"; };
		DCCF8AE72729A26B00933DD1 /* UIButton+Extension.swift */ = {isa = PBXFileReference; fileEncoding = 4; lastKnownFileType = sourcecode.swift; path = "UIButton+Extension.swift"; sourceTree = "<group>"; };
		DCCF8AE82729A26B00933DD1 /* UICollectionView+Extension.swift */ = {isa = PBXFileReference; fileEncoding = 4; lastKnownFileType = sourcecode.swift; path = "UICollectionView+Extension.swift"; sourceTree = "<group>"; };
		DCCF8AE92729A26B00933DD1 /* UIColor+Extension.swift */ = {isa = PBXFileReference; fileEncoding = 4; lastKnownFileType = sourcecode.swift; path = "UIColor+Extension.swift"; sourceTree = "<group>"; };
		DCCF8AEA2729A26B00933DD1 /* UIEdgeInsets+Extension.swift */ = {isa = PBXFileReference; fileEncoding = 4; lastKnownFileType = sourcecode.swift; path = "UIEdgeInsets+Extension.swift"; sourceTree = "<group>"; };
		DCCF8AEB2729A26B00933DD1 /* UIFont+Extension.swift */ = {isa = PBXFileReference; fileEncoding = 4; lastKnownFileType = sourcecode.swift; path = "UIFont+Extension.swift"; sourceTree = "<group>"; };
		DCCF8AEC2729A26B00933DD1 /* UIImage+Extension.swift */ = {isa = PBXFileReference; fileEncoding = 4; lastKnownFileType = sourcecode.swift; path = "UIImage+Extension.swift"; sourceTree = "<group>"; };
		DCCF8AED2729A26B00933DD1 /* UIImageView+Extension.swift */ = {isa = PBXFileReference; fileEncoding = 4; lastKnownFileType = sourcecode.swift; path = "UIImageView+Extension.swift"; sourceTree = "<group>"; };
		DCCF8AEE2729A26B00933DD1 /* UILabel+Extension.swift */ = {isa = PBXFileReference; fileEncoding = 4; lastKnownFileType = sourcecode.swift; path = "UILabel+Extension.swift"; sourceTree = "<group>"; };
		DCCF8AEF2729A26B00933DD1 /* UINavigationBar+Extension.swift */ = {isa = PBXFileReference; fileEncoding = 4; lastKnownFileType = sourcecode.swift; path = "UINavigationBar+Extension.swift"; sourceTree = "<group>"; };
		DCCF8AF02729A26B00933DD1 /* UIScreen+Extension.swift */ = {isa = PBXFileReference; fileEncoding = 4; lastKnownFileType = sourcecode.swift; path = "UIScreen+Extension.swift"; sourceTree = "<group>"; };
		DCCF8AF12729A26B00933DD1 /* UITableView+Extension.swift */ = {isa = PBXFileReference; fileEncoding = 4; lastKnownFileType = sourcecode.swift; path = "UITableView+Extension.swift"; sourceTree = "<group>"; };
		DCCF8AF22729A26B00933DD1 /* UIView+Extension.swift */ = {isa = PBXFileReference; fileEncoding = 4; lastKnownFileType = sourcecode.swift; path = "UIView+Extension.swift"; sourceTree = "<group>"; };
		DCCF8AF32729A26B00933DD1 /* UIViewController+Extension.swift */ = {isa = PBXFileReference; fileEncoding = 4; lastKnownFileType = sourcecode.swift; path = "UIViewController+Extension.swift"; sourceTree = "<group>"; };
		DCCF8AF42729A26B00933DD1 /* UserDefaults+Extension.swift */ = {isa = PBXFileReference; fileEncoding = 4; lastKnownFileType = sourcecode.swift; path = "UserDefaults+Extension.swift"; sourceTree = "<group>"; };
		DCCF8B0D2729A30200933DD1 /* Alert.swift */ = {isa = PBXFileReference; fileEncoding = 4; lastKnownFileType = sourcecode.swift; path = Alert.swift; sourceTree = "<group>"; };
		DCCF8B0F2729A30200933DD1 /* Enum.swift */ = {isa = PBXFileReference; fileEncoding = 4; lastKnownFileType = sourcecode.swift; path = Enum.swift; sourceTree = "<group>"; };
		DCCF8B102729A30200933DD1 /* Global.swift */ = {isa = PBXFileReference; fileEncoding = 4; lastKnownFileType = sourcecode.swift; path = Global.swift; sourceTree = "<group>"; };
		DCCF8B112729A30200933DD1 /* ReusableView.swift */ = {isa = PBXFileReference; fileEncoding = 4; lastKnownFileType = sourcecode.swift; path = ReusableView.swift; sourceTree = "<group>"; };
		DCCF8B122729A30200933DD1 /* Typealias.swift */ = {isa = PBXFileReference; fileEncoding = 4; lastKnownFileType = sourcecode.swift; path = Typealias.swift; sourceTree = "<group>"; };
/* End PBXFileReference section */

/* Begin PBXFrameworksBuildPhase section */
		DCCF8A9F27299D6700933DD1 /* Frameworks */ = {
			isa = PBXFrameworksBuildPhase;
			buildActionMask = 2147483647;
			files = (
				DC864CF52736C849009BA64A /* MBProgressHUD in Frameworks */,
				DC49A036272E897400F17DE9 /* CocoaLumberjack in Frameworks */,
				DC49A031272E895500F17DE9 /* Kingfisher in Frameworks */,
				DCCF8ADC2729A20E00933DD1 /* SnapKit in Frameworks */,
				DC49A038272E897400F17DE9 /* CocoaLumberjackSwiftLogBackend in Frameworks */,
				DC49A034272E897400F17DE9 /* CocoaLumberjackSwift in Frameworks */,
			);
			runOnlyForDeploymentPostprocessing = 0;
		};
		DCCF8AB527299D6A00933DD1 /* Frameworks */ = {
			isa = PBXFrameworksBuildPhase;
			buildActionMask = 2147483647;
			files = (
			);
			runOnlyForDeploymentPostprocessing = 0;
		};
		DCCF8AC027299D6A00933DD1 /* Frameworks */ = {
			isa = PBXFrameworksBuildPhase;
			buildActionMask = 2147483647;
			files = (
			);
			runOnlyForDeploymentPostprocessing = 0;
		};
/* End PBXFrameworksBuildPhase section */

/* Begin PBXGroup section */
		DC194010273581AB001F78ED /* Auth */ = {
			isa = PBXGroup;
			children = (
				DC49A03F272E939800F17DE9 /* AuthTargetType.swift */,
				DC49A041272EA65600F17DE9 /* AuthService.swift */,
			);
			path = Auth;
			sourceTree = "<group>";
		};
		DC194011273581B8001F78ED /* Account And List */ = {
			isa = PBXGroup;
			children = (
				DC194012273581F4001F78ED /* AccountAndListTargetType.swift */,
				DC19401627358844001F78ED /* AccountAndListService.swift */,
			);
			path = "Account And List";
			sourceTree = "<group>";
		};
		DC19402027359FED001F78ED /* Account */ = {
			isa = PBXGroup;
			children = (
				DC19402127359FFC001F78ED /* Json */,
				DC19401E273592B2001F78ED /* AccountServiceTest.swift */,
			);
			path = Account;
			sourceTree = "<group>";
		};
		DC19402127359FFC001F78ED /* Json */ = {
			isa = PBXGroup;
			children = (
				DC1940242735A08C001F78ED /* Account.json */,
				DC1940262735A5FF001F78ED /* List.json */,
				DC19402A2735A6C2001F78ED /* Movie.json */,
			);
			path = Json;
			sourceTree = "<group>";
		};
		DC2B29ED2733C8A200233F5D /* Auth */ = {
			isa = PBXGroup;
			children = (
				DC2B29EE2733C8C200233F5D /* View */,
				DCCF8AA927299D6700933DD1 /* AuthViewController.swift */,
				DC2B2A3427342BBA00233F5D /* AuthPresenter.swift */,
				DC2B2A3627342BBA00233F5D /* AuthProtocols.swift */,
			);
			path = Auth;
			sourceTree = "<group>";
		};
		DC2B29EE2733C8C200233F5D /* View */ = {
			isa = PBXGroup;
			children = (
				DC2B29EF2733C8CA00233F5D /* AuthView.swift */,
			);
			path = View;
			sourceTree = "<group>";
		};
		DC2B29F12733D7D000233F5D /* Custom Views */ = {
			isa = PBXGroup;
			children = (
				DC2B29F62733D7D000233F5D /* CustomStackView.swift */,
				DC2B2A162733DB3600233F5D /* LoginPasswordTextField.swift */,
				DC2B2A3C2734445600233F5D /* SignInButton.swift */,
				DC864CF1273697B1009BA64A /* CustomButton.swift */,
			);
			path = "Custom Views";
			sourceTree = "<group>";
		};
		DC2B2A182733EE6800233F5D /* Constants */ = {
			isa = PBXGroup;
			children = (
				DC2B2A192733EE8F00233F5D /* Layouts.swift */,
				DC2B2A1B2733EEA200233F5D /* Spacing.swift */,
				DC2B2A1D2733EEAC00233F5D /* FontSize.swift */,
				DC2B2A1F2733EEC300233F5D /* CornerRadius.swift */,
			);
			path = Constants;
			sourceTree = "<group>";
		};
		DC2B2A212734253D00233F5D /* DI */ = {
			isa = PBXGroup;
			children = (
				DC19400B27356180001F78ED /* DI.swift */,
			);
			path = DI;
			sourceTree = "<group>";
		};
		DC2B2A262734261600233F5D /* Coordinators */ = {
			isa = PBXGroup;
			children = (
				DC2B2A2B273426D000233F5D /* Protocols */,
				DC2B2A292734267C00233F5D /* AppCoordinator.swift */,
				DC2B2A2E2734274300233F5D /* CoordinatorFactoryImpl.swift */,
				DC2B2A32273428CE00233F5D /* ScreenFactoryImpl.swift */,
				DC835B922735124D00C3A209 /* AuthCoordinator.swift */,
				DC835B942735231500C3A209 /* ListsCoordinator.swift */,
				DC2B2A222734254A00233F5D /* Router.swift */,
				DC835BA12735282500C3A209 /* TabBarCoordinator.swift */,
			);
			path = Coordinators;
			sourceTree = "<group>";
		};
		DC2B2A2B273426D000233F5D /* Protocols */ = {
			isa = PBXGroup;
			children = (
				DC2B2A272734262700233F5D /* Coordinator.swift */,
				DC2B2A2C273426F300233F5D /* CoordinatorFactory.swift */,
				DC2B2A302734285E00233F5D /* ScreenFactory.swift */,
			);
			path = Protocols;
			sourceTree = "<group>";
		};
		DC47F80927300122009603EE /* Params */ = {
			isa = PBXGroup;
			children = (
				DC47F80A27300135009603EE /* AuthParams.swift */,
				DC19401427358367001F78ED /* AccountParams.swift */,
			);
			path = Params;
			sourceTree = "<group>";
		};
		DC49A028272E88C300F17DE9 /* Base */ = {
			isa = PBXGroup;
			children = (
				DC49A029272E88C300F17DE9 /* BaseCollectionViewCell.swift */,
				DC49A02A272E88C300F17DE9 /* BaseTableViewCell.swift */,
				DC49A02B272E88C300F17DE9 /* BaseViewController.swift */,
			);
			path = Base;
			sourceTree = "<group>";
		};
		DC49A03C272E911500F17DE9 /* Network */ = {
			isa = PBXGroup;
			children = (
				DC194011273581B8001F78ED /* Account And List */,
				DC194010273581AB001F78ED /* Auth */,
				DC47F80927300122009603EE /* Params */,
				DC49A047272EA92900F17DE9 /* APIError.swift */,
				DC49A03D272E92F200F17DE9 /* TargetType.swift */,
				DC49A049272EAB2500F17DE9 /* BaseAPI.swift */,
				DC49A04B272EAB6400F17DE9 /* NetworkService.swift */,
			);
			path = Network;
			sourceTree = "<group>";
		};
		DC49A043272EA67200F17DE9 /* Model */ = {
			isa = PBXGroup;
			children = (
				DC49A044272EA67D00F17DE9 /* Auth */,
				DC19400E27357FCA001F78ED /* ListsModel.swift */,
				DC194018273588BA001F78ED /* AccountModel.swift */,
				DC19401C27358A80001F78ED /* SuccessErrorModel.swift */,
				DCC91BC42737F87100F0E322 /* ListDetailResponce.swift */,
			);
			path = Model;
			sourceTree = "<group>";
		};
		DC49A044272EA67D00F17DE9 /* Auth */ = {
			isa = PBXGroup;
			children = (
				DC19401A27358A0A001F78ED /* FavoriteMovieResponce.swift */,
				DC49A045272EA72E00F17DE9 /* AuthenticationToken.swift */,
			);
			path = Auth;
			sourceTree = "<group>";
		};
		DC49A056272EE9C300F17DE9 /* Helpers */ = {
			isa = PBXGroup;
			children = (
				DC49A057272EE9C300F17DE9 /* SharedTestHelpers.swift */,
				DC49A058272EE9C300F17DE9 /* XCTestsCase+MemoryLeakTracking.swift */,
				DC47F807272FDE24009603EE /* Result+Extenstion.swift */,
			);
			path = Helpers;
			sourceTree = "<group>";
		};
		DC835B8F27350BD800C3A209 /* TabBar */ = {
			isa = PBXGroup;
			children = (
				DC835B9027350BED00C3A209 /* TabBarController.swift */,
			);
			path = TabBar;
			sourceTree = "<group>";
		};
		DC835B962735239400C3A209 /* Lists */ = {
			isa = PBXGroup;
			children = (
				DC864CEC27369374009BA64A /* Cell */,
				DC864CE427368D7A009BA64A /* View */,
				DC835B99273523B700C3A209 /* ListsViewController.swift */,
				DC835B97273523B700C3A209 /* ListsPresenter.swift */,
				DC835B9A273523B700C3A209 /* ListsProtocols.swift */,
			);
			path = Lists;
			sourceTree = "<group>";
		};
		DC864CD427365043009BA64A /* Auth */ = {
			isa = PBXGroup;
			children = (
				DC49A04F272EE8E800F17DE9 /* AuthServiceTest.swift */,
			);
			path = Auth;
			sourceTree = "<group>";
		};
		DC864CD527366BF6009BA64A /* Core Data */ = {
			isa = PBXGroup;
			children = (
				DCC91BC12737E6A100F0E322 /* Extension */,
				DC864CDE2736703E009BA64A /* Protocol */,
				DC864CD627366C0A009BA64A /* Model.xcdatamodeld */,
				DC864CDA27366F12009BA64A /* CoreDataStack.swift */,
				DC864CDC27367010009BA64A /* MoviePersistence.swift */,
			);
			path = "Core Data";
			sourceTree = "<group>";
		};
		DC864CD927366C38009BA64A /* Storage */ = {
			isa = PBXGroup;
			children = (
				DC864CD527366BF6009BA64A /* Core Data */,
			);
			path = Storage;
			sourceTree = "<group>";
		};
		DC864CDE2736703E009BA64A /* Protocol */ = {
			isa = PBXGroup;
			children = (
				DC864CDF2736703E009BA64A /* StorageProtocol.swift */,
			);
			path = Protocol;
			sourceTree = "<group>";
		};
		DC864CE12736737C009BA64A /* CoreData */ = {
			isa = PBXGroup;
			children = (
				DC864CE2273673A2009BA64A /* MoviePersistenceTest.swift */,
			);
			path = CoreData;
			sourceTree = "<group>";
		};
		DC864CE427368D7A009BA64A /* View */ = {
			isa = PBXGroup;
			children = (
				DC864CE527368D96009BA64A /* ListView.swift */,
			);
			path = View;
			sourceTree = "<group>";
		};
		DC864CEC27369374009BA64A /* Cell */ = {
			isa = PBXGroup;
			children = (
				DC864CED27369380009BA64A /* ListCollectionCell.swift */,
				DC864CEF27369421009BA64A /* ListViewCell.swift */,
			);
			path = Cell;
			sourceTree = "<group>";
		};
		DCC91BC12737E6A100F0E322 /* Extension */ = {
			isa = PBXGroup;
			children = (
				DCC91BC22737E6C800F0E322 /* ListEntity.swift */,
			);
			path = Extension;
			sourceTree = "<group>";
		};
		DCCF8A9927299D6700933DD1 = {
			isa = PBXGroup;
			children = (
				DCCF8AA427299D6700933DD1 /* MovieApp */,
				DCCF8ABB27299D6A00933DD1 /* MovieAppTests */,
				DCCF8AC627299D6A00933DD1 /* MovieAppUITests */,
				DCCF8AA327299D6700933DD1 /* Products */,
			);
			sourceTree = "<group>";
		};
		DCCF8AA327299D6700933DD1 /* Products */ = {
			isa = PBXGroup;
			children = (
				DCCF8AA227299D6700933DD1 /* MovieApp.app */,
				DCCF8AB827299D6A00933DD1 /* MovieAppTests.xctest */,
				DCCF8AC327299D6A00933DD1 /* MovieAppUITests.xctest */,
			);
			name = Products;
			sourceTree = "<group>";
		};
		DCCF8AA427299D6700933DD1 /* MovieApp */ = {
			isa = PBXGroup;
			children = (
				DCCF8AD727299DC500933DD1 /* Source */,
				DCCF8AD827299DFC00933DD1 /* Resources */,
			);
			path = MovieApp;
			sourceTree = "<group>";
		};
		DCCF8ABB27299D6A00933DD1 /* MovieAppTests */ = {
			isa = PBXGroup;
			children = (
				DC864CE12736737C009BA64A /* CoreData */,
				DC49A056272EE9C300F17DE9 /* Helpers */,
				DCCF8ABC27299D6A00933DD1 /* MovieAppTests.swift */,
				DCCF8ABE27299D6A00933DD1 /* Info.plist */,
				DC864CD427365043009BA64A /* Auth */,
				DC19402027359FED001F78ED /* Account */,
			);
			path = MovieAppTests;
			sourceTree = "<group>";
		};
		DCCF8AC627299D6A00933DD1 /* MovieAppUITests */ = {
			isa = PBXGroup;
			children = (
				DCCF8AC727299D6A00933DD1 /* MovieAppUITests.swift */,
				DCCF8AC927299D6A00933DD1 /* Info.plist */,
			);
			path = MovieAppUITests;
			sourceTree = "<group>";
		};
		DCCF8AD527299DB000933DD1 /* Application */ = {
			isa = PBXGroup;
			children = (
				DCCF8AA527299D6700933DD1 /* AppDelegate.swift */,
				DCCF8AA727299D6700933DD1 /* SceneDelegate.swift */,
			);
			path = Application;
			sourceTree = "<group>";
		};
		DCCF8AD627299DBA00933DD1 /* Screens */ = {
			isa = PBXGroup;
			children = (
				DC835B962735239400C3A209 /* Lists */,
				DC835B8F27350BD800C3A209 /* TabBar */,
				DC49A028272E88C300F17DE9 /* Base */,
				DC2B29ED2733C8A200233F5D /* Auth */,
			);
			path = Screens;
			sourceTree = "<group>";
		};
		DCCF8AD727299DC500933DD1 /* Source */ = {
			isa = PBXGroup;
			children = (
				DC864CD927366C38009BA64A /* Storage */,
				DCCF8AD527299DB000933DD1 /* Application */,
				DC2B2A262734261600233F5D /* Coordinators */,
				DC2B2A212734253D00233F5D /* DI */,
				DC49A043272EA67200F17DE9 /* Model */,
				DC49A03C272E911500F17DE9 /* Network */,
				DCCF8B0C2729A30200933DD1 /* Helper */,
				DC2B29F12733D7D000233F5D /* Custom Views */,
				DCCF8ADD2729A26B00933DD1 /* Extensions */,
				DCCF8AD627299DBA00933DD1 /* Screens */,
			);
			path = Source;
			sourceTree = "<group>";
		};
		DCCF8AD827299DFC00933DD1 /* Resources */ = {
			isa = PBXGroup;
			children = (
				DCCF8AAE27299D6900933DD1 /* Assets.xcassets */,
				DCCF8AB027299D6900933DD1 /* LaunchScreen.storyboard */,
				DCCF8AB327299D6900933DD1 /* Info.plist */,
			);
			path = Resources;
			sourceTree = "<group>";
		};
		DCCF8ADD2729A26B00933DD1 /* Extensions */ = {
			isa = PBXGroup;
			children = (
				DC2B2A182733EE6800233F5D /* Constants */,
				DC49A04D272ECE8A00F17DE9 /* Encodable.swift */,
				DCCF8ADE2729A26B00933DD1 /* CALayer+Extension.swift */,
				DCCF8AE02729A26B00933DD1 /* Date+Extension.swift */,
				DCCF8AE12729A26B00933DD1 /* Int+Extension.swift */,
				DCCF8AE22729A26B00933DD1 /* NSMutableAttributedString+Extension+Extension.swift */,
				DCCF8AE32729A26B00933DD1 /* NSSet+Extension.swift */,
				DCCF8AE42729A26B00933DD1 /* String+Extension.swift */,
				DCCF8AE52729A26B00933DD1 /* TimeInterval+Extension.swift */,
				DCCF8AE62729A26B00933DD1 /* UIApplication+Extension.swift */,
				DCCF8AE72729A26B00933DD1 /* UIButton+Extension.swift */,
				DCCF8AE82729A26B00933DD1 /* UICollectionView+Extension.swift */,
				DCCF8AE92729A26B00933DD1 /* UIColor+Extension.swift */,
				DCCF8AEA2729A26B00933DD1 /* UIEdgeInsets+Extension.swift */,
				DCCF8AEB2729A26B00933DD1 /* UIFont+Extension.swift */,
				DCCF8AEC2729A26B00933DD1 /* UIImage+Extension.swift */,
				DCCF8AED2729A26B00933DD1 /* UIImageView+Extension.swift */,
				DCCF8AEE2729A26B00933DD1 /* UILabel+Extension.swift */,
				DCCF8AEF2729A26B00933DD1 /* UINavigationBar+Extension.swift */,
				DCCF8AF02729A26B00933DD1 /* UIScreen+Extension.swift */,
				DCCF8AF12729A26B00933DD1 /* UITableView+Extension.swift */,
				DCCF8AF22729A26B00933DD1 /* UIView+Extension.swift */,
				DCCF8AF32729A26B00933DD1 /* UIViewController+Extension.swift */,
				DCCF8AF42729A26B00933DD1 /* UserDefaults+Extension.swift */,
				DC2B2A3E2734494800233F5D /* UIControl+Extension.swift */,
			);
			path = Extensions;
			sourceTree = "<group>";
		};
		DCCF8B0C2729A30200933DD1 /* Helper */ = {
			isa = PBXGroup;
			children = (
				DCCF8B0D2729A30200933DD1 /* Alert.swift */,
				DCCF8B0F2729A30200933DD1 /* Enum.swift */,
				DCCF8B102729A30200933DD1 /* Global.swift */,
				DCCF8B112729A30200933DD1 /* ReusableView.swift */,
				DCCF8B122729A30200933DD1 /* Typealias.swift */,
			);
			path = Helper;
			sourceTree = "<group>";
		};
/* End PBXGroup section */

/* Begin PBXNativeTarget section */
		DCCF8AA127299D6700933DD1 /* MovieApp */ = {
			isa = PBXNativeTarget;
			buildConfigurationList = DCCF8ACC27299D6A00933DD1 /* Build configuration list for PBXNativeTarget "MovieApp" */;
			buildPhases = (
				DCCF8AD927299F8F00933DD1 /* Run SwiftLint */,
				DCCF8A9E27299D6700933DD1 /* Sources */,
				DCCF8A9F27299D6700933DD1 /* Frameworks */,
				DCCF8AA027299D6700933DD1 /* Resources */,
			);
			buildRules = (
			);
			dependencies = (
			);
			name = MovieApp;
			packageProductDependencies = (
				DCCF8ADB2729A20E00933DD1 /* SnapKit */,
				DC49A030272E895500F17DE9 /* Kingfisher */,
				DC49A033272E897400F17DE9 /* CocoaLumberjackSwift */,
				DC49A035272E897400F17DE9 /* CocoaLumberjack */,
				DC49A037272E897400F17DE9 /* CocoaLumberjackSwiftLogBackend */,
				DC864CF42736C849009BA64A /* MBProgressHUD */,
			);
			productName = MovieApp;
			productReference = DCCF8AA227299D6700933DD1 /* MovieApp.app */;
			productType = "com.apple.product-type.application";
		};
		DCCF8AB727299D6A00933DD1 /* MovieAppTests */ = {
			isa = PBXNativeTarget;
			buildConfigurationList = DCCF8ACF27299D6A00933DD1 /* Build configuration list for PBXNativeTarget "MovieAppTests" */;
			buildPhases = (
				DCCF8AB427299D6A00933DD1 /* Sources */,
				DCCF8AB527299D6A00933DD1 /* Frameworks */,
				DCCF8AB627299D6A00933DD1 /* Resources */,
			);
			buildRules = (
			);
			dependencies = (
				DCCF8ABA27299D6A00933DD1 /* PBXTargetDependency */,
			);
			name = MovieAppTests;
			productName = MovieAppTests;
			productReference = DCCF8AB827299D6A00933DD1 /* MovieAppTests.xctest */;
			productType = "com.apple.product-type.bundle.unit-test";
		};
		DCCF8AC227299D6A00933DD1 /* MovieAppUITests */ = {
			isa = PBXNativeTarget;
			buildConfigurationList = DCCF8AD227299D6A00933DD1 /* Build configuration list for PBXNativeTarget "MovieAppUITests" */;
			buildPhases = (
				DCCF8ABF27299D6A00933DD1 /* Sources */,
				DCCF8AC027299D6A00933DD1 /* Frameworks */,
				DCCF8AC127299D6A00933DD1 /* Resources */,
			);
			buildRules = (
			);
			dependencies = (
				DCCF8AC527299D6A00933DD1 /* PBXTargetDependency */,
			);
			name = MovieAppUITests;
			productName = MovieAppUITests;
			productReference = DCCF8AC327299D6A00933DD1 /* MovieAppUITests.xctest */;
			productType = "com.apple.product-type.bundle.ui-testing";
		};
/* End PBXNativeTarget section */

/* Begin PBXProject section */
		DCCF8A9A27299D6700933DD1 /* Project object */ = {
			isa = PBXProject;
			attributes = {
				LastSwiftUpdateCheck = 1250;
				LastUpgradeCheck = 1250;
				TargetAttributes = {
					DCCF8AA127299D6700933DD1 = {
						CreatedOnToolsVersion = 12.5.1;
					};
					DCCF8AB727299D6A00933DD1 = {
						CreatedOnToolsVersion = 12.5.1;
						TestTargetID = DCCF8AA127299D6700933DD1;
					};
					DCCF8AC227299D6A00933DD1 = {
						CreatedOnToolsVersion = 12.5.1;
						TestTargetID = DCCF8AA127299D6700933DD1;
					};
				};
			};
			buildConfigurationList = DCCF8A9D27299D6700933DD1 /* Build configuration list for PBXProject "MovieApp" */;
			compatibilityVersion = "Xcode 9.3";
			developmentRegion = en;
			hasScannedForEncodings = 0;
			knownRegions = (
				en,
				Base,
			);
			mainGroup = DCCF8A9927299D6700933DD1;
			packageReferences = (
				DCCF8ADA2729A20E00933DD1 /* XCRemoteSwiftPackageReference "SnapKit" */,
				DC49A02F272E895500F17DE9 /* XCRemoteSwiftPackageReference "Kingfisher" */,
				DC49A032272E897400F17DE9 /* XCRemoteSwiftPackageReference "CocoaLumberjack" */,
				DC864CF32736C849009BA64A /* XCRemoteSwiftPackageReference "MBProgressHUD" */,
			);
			productRefGroup = DCCF8AA327299D6700933DD1 /* Products */;
			projectDirPath = "";
			projectRoot = "";
			targets = (
				DCCF8AA127299D6700933DD1 /* MovieApp */,
				DCCF8AB727299D6A00933DD1 /* MovieAppTests */,
				DCCF8AC227299D6A00933DD1 /* MovieAppUITests */,
			);
		};
/* End PBXProject section */

/* Begin PBXResourcesBuildPhase section */
		DCCF8AA027299D6700933DD1 /* Resources */ = {
			isa = PBXResourcesBuildPhase;
			buildActionMask = 2147483647;
			files = (
				DCCF8AB227299D6900933DD1 /* LaunchScreen.storyboard in Resources */,
				DCCF8AAF27299D6900933DD1 /* Assets.xcassets in Resources */,
			);
			runOnlyForDeploymentPostprocessing = 0;
		};
		DCCF8AB627299D6A00933DD1 /* Resources */ = {
			isa = PBXResourcesBuildPhase;
			buildActionMask = 2147483647;
			files = (
				DC19402B2735A6C2001F78ED /* Movie.json in Resources */,
				DC1940252735A08C001F78ED /* Account.json in Resources */,
				DC1940272735A5FF001F78ED /* List.json in Resources */,
			);
			runOnlyForDeploymentPostprocessing = 0;
		};
		DCCF8AC127299D6A00933DD1 /* Resources */ = {
			isa = PBXResourcesBuildPhase;
			buildActionMask = 2147483647;
			files = (
			);
			runOnlyForDeploymentPostprocessing = 0;
		};
/* End PBXResourcesBuildPhase section */

/* Begin PBXShellScriptBuildPhase section */
		DCCF8AD927299F8F00933DD1 /* Run SwiftLint */ = {
			isa = PBXShellScriptBuildPhase;
			buildActionMask = 2147483647;
			files = (
			);
			inputFileListPaths = (
			);
			inputPaths = (
			);
			name = "Run SwiftLint";
			outputFileListPaths = (
			);
			outputPaths = (
			);
			runOnlyForDeploymentPostprocessing = 0;
			shellPath = /bin/sh;
			shellScript = "if which swiftlint >/dev/null; then\n  swiftlint\nelse\n  echo \"warning: SwiftLint not installed, download from https://github.com/realm/SwiftLint\"\nfi\n\n";
		};
/* End PBXShellScriptBuildPhase section */

/* Begin PBXSourcesBuildPhase section */
		DCCF8A9E27299D6700933DD1 /* Sources */ = {
			isa = PBXSourcesBuildPhase;
			buildActionMask = 2147483647;
			files = (
				DC2B2A312734285E00233F5D /* ScreenFactory.swift in Sources */,
				DC2B2A2D273426F300233F5D /* CoordinatorFactory.swift in Sources */,
				DCCF8AFD2729A26B00933DD1 /* UIApplication+Extension.swift in Sources */,
				DC49A04E272ECE8A00F17DE9 /* Encodable.swift in Sources */,
				DC835B952735231500C3A209 /* ListsCoordinator.swift in Sources */,
				DC2B2A232734254A00233F5D /* Router.swift in Sources */,
				DC2B2A3D2734445600233F5D /* SignInButton.swift in Sources */,
				DC835B9F273523B700C3A209 /* ListsProtocols.swift in Sources */,
				DC2B2A202733EEC300233F5D /* CornerRadius.swift in Sources */,
				DCCF8B022729A26B00933DD1 /* UIFont+Extension.swift in Sources */,
				DC864CDD27367010009BA64A /* MoviePersistence.swift in Sources */,
				DCCF8AFE2729A26B00933DD1 /* UIButton+Extension.swift in Sources */,
				DCCF8B0B2729A26B00933DD1 /* UserDefaults+Extension.swift in Sources */,
				DC19401527358367001F78ED /* AccountParams.swift in Sources */,
				DC49A02E272E88C300F17DE9 /* BaseViewController.swift in Sources */,
				DC2B2A2F2734274300233F5D /* CoordinatorFactoryImpl.swift in Sources */,
				DC835BA22735282500C3A209 /* TabBarCoordinator.swift in Sources */,
				DC49A042272EA65600F17DE9 /* AuthService.swift in Sources */,
				DCCF8B0A2729A26B00933DD1 /* UIViewController+Extension.swift in Sources */,
				DC2B2A3F2734494800233F5D /* UIControl+Extension.swift in Sources */,
				DC835B9127350BED00C3A209 /* TabBarController.swift in Sources */,
				DCCF8AAA27299D6700933DD1 /* AuthViewController.swift in Sources */,
				DC2B2A172733DB3600233F5D /* LoginPasswordTextField.swift in Sources */,
				DCCF8B172729A30200933DD1 /* ReusableView.swift in Sources */,
				DC2B2A082733D7D000233F5D /* CustomStackView.swift in Sources */,
				DCC91BC52737F87100F0E322 /* ListDetailResponce.swift in Sources */,
				DCCF8B062729A26B00933DD1 /* UINavigationBar+Extension.swift in Sources */,
				DC864CE02736703E009BA64A /* StorageProtocol.swift in Sources */,
				DCCF8B162729A30200933DD1 /* Global.swift in Sources */,
				DCCF8B002729A26B00933DD1 /* UIColor+Extension.swift in Sources */,
				DCCF8B152729A30200933DD1 /* Enum.swift in Sources */,
				DC864CDB27366F12009BA64A /* CoreDataStack.swift in Sources */,
				DC49A02C272E88C300F17DE9 /* BaseCollectionViewCell.swift in Sources */,
				DC864CE627368D96009BA64A /* ListView.swift in Sources */,
				DC194013273581F4001F78ED /* AccountAndListTargetType.swift in Sources */,
				DC19401D27358A80001F78ED /* SuccessErrorModel.swift in Sources */,
				DC835B932735124D00C3A209 /* AuthCoordinator.swift in Sources */,
				DCC91BC32737E6C800F0E322 /* ListEntity.swift in Sources */,
				DC49A040272E939800F17DE9 /* AuthTargetType.swift in Sources */,
				DC47F80B27300135009603EE /* AuthParams.swift in Sources */,
				DCCF8B132729A30200933DD1 /* Alert.swift in Sources */,
				DC864CEE27369380009BA64A /* ListCollectionCell.swift in Sources */,
				DC49A046272EA72E00F17DE9 /* AuthenticationToken.swift in Sources */,
				DC19401B27358A0A001F78ED /* FavoriteMovieResponce.swift in Sources */,
				DCCF8AFB2729A26B00933DD1 /* String+Extension.swift in Sources */,
				DCCF8B012729A26B00933DD1 /* UIEdgeInsets+Extension.swift in Sources */,
				DC49A04C272EAB6400F17DE9 /* NetworkService.swift in Sources */,
				DCCF8AF52729A26B00933DD1 /* CALayer+Extension.swift in Sources */,
				DC2B2A282734262700233F5D /* Coordinator.swift in Sources */,
				DCCF8AF82729A26B00933DD1 /* Int+Extension.swift in Sources */,
				DCCF8B052729A26B00933DD1 /* UILabel+Extension.swift in Sources */,
				DC19400C27356180001F78ED /* DI.swift in Sources */,
				DC835B9C273523B700C3A209 /* ListsPresenter.swift in Sources */,
				DC49A03E272E92F200F17DE9 /* TargetType.swift in Sources */,
				DC19401727358844001F78ED /* AccountAndListService.swift in Sources */,
				DC2B2A1C2733EEA200233F5D /* Spacing.swift in Sources */,
				DCCF8AA627299D6700933DD1 /* AppDelegate.swift in Sources */,
				DCCF8AFF2729A26B00933DD1 /* UICollectionView+Extension.swift in Sources */,
				DC835B9E273523B700C3A209 /* ListsViewController.swift in Sources */,
				DC19400F27357FCA001F78ED /* ListsModel.swift in Sources */,
				DC2B2A33273428CE00233F5D /* ScreenFactoryImpl.swift in Sources */,
				DC194019273588BA001F78ED /* AccountModel.swift in Sources */,
				DC864CD827366C0A009BA64A /* Model.xcdatamodeld in Sources */,
				DC49A02D272E88C300F17DE9 /* BaseTableViewCell.swift in Sources */,
				DCCF8B042729A26B00933DD1 /* UIImageView+Extension.swift in Sources */,
				DC864CF2273697B1009BA64A /* CustomButton.swift in Sources */,
				DCCF8B182729A30200933DD1 /* Typealias.swift in Sources */,
				DC2B2A3827342BBA00233F5D /* AuthPresenter.swift in Sources */,
				DC49A04A272EAB2500F17DE9 /* BaseAPI.swift in Sources */,
				DCCF8AFA2729A26B00933DD1 /* NSSet+Extension.swift in Sources */,
				DCCF8AA827299D6700933DD1 /* SceneDelegate.swift in Sources */,
				DCCF8B082729A26B00933DD1 /* UITableView+Extension.swift in Sources */,
				DCCF8B092729A26B00933DD1 /* UIView+Extension.swift in Sources */,
				DCCF8B072729A26B00933DD1 /* UIScreen+Extension.swift in Sources */,
				DC2B2A1A2733EE8F00233F5D /* Layouts.swift in Sources */,
				DCCF8AF92729A26B00933DD1 /* NSMutableAttributedString+Extension+Extension.swift in Sources */,
				DCCF8B032729A26B00933DD1 /* UIImage+Extension.swift in Sources */,
				DC2B2A3A27342BBA00233F5D /* AuthProtocols.swift in Sources */,
				DC864CF027369421009BA64A /* ListViewCell.swift in Sources */,
				DCCF8AF72729A26B00933DD1 /* Date+Extension.swift in Sources */,
				DCCF8AFC2729A26B00933DD1 /* TimeInterval+Extension.swift in Sources */,
				DC2B29F02733C8CA00233F5D /* AuthView.swift in Sources */,
				DC2B2A2A2734267C00233F5D /* AppCoordinator.swift in Sources */,
				DC49A048272EA92900F17DE9 /* APIError.swift in Sources */,
				DC2B2A1E2733EEAC00233F5D /* FontSize.swift in Sources */,
			);
			runOnlyForDeploymentPostprocessing = 0;
		};
		DCCF8AB427299D6A00933DD1 /* Sources */ = {
			isa = PBXSourcesBuildPhase;
			buildActionMask = 2147483647;
			files = (
				DC864CE3273673A2009BA64A /* MoviePersistenceTest.swift in Sources */,
				DC49A050272EE8E800F17DE9 /* AuthServiceTest.swift in Sources */,
				DC19401F273592B2001F78ED /* AccountServiceTest.swift in Sources */,
				DC49A05A272EE9C300F17DE9 /* XCTestsCase+MemoryLeakTracking.swift in Sources */,
				DC47F808272FDE24009603EE /* Result+Extenstion.swift in Sources */,
				DCCF8ABD27299D6A00933DD1 /* MovieAppTests.swift in Sources */,
				DC49A059272EE9C300F17DE9 /* SharedTestHelpers.swift in Sources */,
			);
			runOnlyForDeploymentPostprocessing = 0;
		};
		DCCF8ABF27299D6A00933DD1 /* Sources */ = {
			isa = PBXSourcesBuildPhase;
			buildActionMask = 2147483647;
			files = (
				DCCF8AC827299D6A00933DD1 /* MovieAppUITests.swift in Sources */,
			);
			runOnlyForDeploymentPostprocessing = 0;
		};
/* End PBXSourcesBuildPhase section */

/* Begin PBXTargetDependency section */
		DCCF8ABA27299D6A00933DD1 /* PBXTargetDependency */ = {
			isa = PBXTargetDependency;
			target = DCCF8AA127299D6700933DD1 /* MovieApp */;
			targetProxy = DCCF8AB927299D6A00933DD1 /* PBXContainerItemProxy */;
		};
		DCCF8AC527299D6A00933DD1 /* PBXTargetDependency */ = {
			isa = PBXTargetDependency;
			target = DCCF8AA127299D6700933DD1 /* MovieApp */;
			targetProxy = DCCF8AC427299D6A00933DD1 /* PBXContainerItemProxy */;
		};
/* End PBXTargetDependency section */

/* Begin PBXVariantGroup section */
		DCCF8AB027299D6900933DD1 /* LaunchScreen.storyboard */ = {
			isa = PBXVariantGroup;
			children = (
				DCCF8AB127299D6900933DD1 /* Base */,
			);
			name = LaunchScreen.storyboard;
			sourceTree = "<group>";
		};
/* End PBXVariantGroup section */

/* Begin XCBuildConfiguration section */
		DCCF8ACA27299D6A00933DD1 /* Debug */ = {
			isa = XCBuildConfiguration;
			buildSettings = {
				ALWAYS_SEARCH_USER_PATHS = NO;
				CLANG_ANALYZER_NONNULL = YES;
				CLANG_ANALYZER_NUMBER_OBJECT_CONVERSION = YES_AGGRESSIVE;
				CLANG_CXX_LANGUAGE_STANDARD = "gnu++14";
				CLANG_CXX_LIBRARY = "libc++";
				CLANG_ENABLE_MODULES = YES;
				CLANG_ENABLE_OBJC_ARC = YES;
				CLANG_ENABLE_OBJC_WEAK = YES;
				CLANG_WARN_BLOCK_CAPTURE_AUTORELEASING = YES;
				CLANG_WARN_BOOL_CONVERSION = YES;
				CLANG_WARN_COMMA = YES;
				CLANG_WARN_CONSTANT_CONVERSION = YES;
				CLANG_WARN_DEPRECATED_OBJC_IMPLEMENTATIONS = YES;
				CLANG_WARN_DIRECT_OBJC_ISA_USAGE = YES_ERROR;
				CLANG_WARN_DOCUMENTATION_COMMENTS = YES;
				CLANG_WARN_EMPTY_BODY = YES;
				CLANG_WARN_ENUM_CONVERSION = YES;
				CLANG_WARN_INFINITE_RECURSION = YES;
				CLANG_WARN_INT_CONVERSION = YES;
				CLANG_WARN_NON_LITERAL_NULL_CONVERSION = YES;
				CLANG_WARN_OBJC_IMPLICIT_RETAIN_SELF = YES;
				CLANG_WARN_OBJC_LITERAL_CONVERSION = YES;
				CLANG_WARN_OBJC_ROOT_CLASS = YES_ERROR;
				CLANG_WARN_QUOTED_INCLUDE_IN_FRAMEWORK_HEADER = YES;
				CLANG_WARN_RANGE_LOOP_ANALYSIS = YES;
				CLANG_WARN_STRICT_PROTOTYPES = YES;
				CLANG_WARN_SUSPICIOUS_MOVE = YES;
				CLANG_WARN_UNGUARDED_AVAILABILITY = YES_AGGRESSIVE;
				CLANG_WARN_UNREACHABLE_CODE = YES;
				CLANG_WARN__DUPLICATE_METHOD_MATCH = YES;
				COPY_PHASE_STRIP = NO;
				DEBUG_INFORMATION_FORMAT = dwarf;
				ENABLE_STRICT_OBJC_MSGSEND = YES;
				ENABLE_TESTABILITY = YES;
				GCC_C_LANGUAGE_STANDARD = gnu11;
				GCC_DYNAMIC_NO_PIC = NO;
				GCC_NO_COMMON_BLOCKS = YES;
				GCC_OPTIMIZATION_LEVEL = 0;
				GCC_PREPROCESSOR_DEFINITIONS = (
					"DEBUG=1",
					"$(inherited)",
				);
				GCC_WARN_64_TO_32_BIT_CONVERSION = YES;
				GCC_WARN_ABOUT_RETURN_TYPE = YES_ERROR;
				GCC_WARN_UNDECLARED_SELECTOR = YES;
				GCC_WARN_UNINITIALIZED_AUTOS = YES_AGGRESSIVE;
				GCC_WARN_UNUSED_FUNCTION = YES;
				GCC_WARN_UNUSED_VARIABLE = YES;
				IPHONEOS_DEPLOYMENT_TARGET = 14.5;
				MTL_ENABLE_DEBUG_INFO = INCLUDE_SOURCE;
				MTL_FAST_MATH = YES;
				ONLY_ACTIVE_ARCH = YES;
				SDKROOT = iphoneos;
				SWIFT_ACTIVE_COMPILATION_CONDITIONS = DEBUG;
				SWIFT_OPTIMIZATION_LEVEL = "-Onone";
			};
			name = Debug;
		};
		DCCF8ACB27299D6A00933DD1 /* Release */ = {
			isa = XCBuildConfiguration;
			buildSettings = {
				ALWAYS_SEARCH_USER_PATHS = NO;
				CLANG_ANALYZER_NONNULL = YES;
				CLANG_ANALYZER_NUMBER_OBJECT_CONVERSION = YES_AGGRESSIVE;
				CLANG_CXX_LANGUAGE_STANDARD = "gnu++14";
				CLANG_CXX_LIBRARY = "libc++";
				CLANG_ENABLE_MODULES = YES;
				CLANG_ENABLE_OBJC_ARC = YES;
				CLANG_ENABLE_OBJC_WEAK = YES;
				CLANG_WARN_BLOCK_CAPTURE_AUTORELEASING = YES;
				CLANG_WARN_BOOL_CONVERSION = YES;
				CLANG_WARN_COMMA = YES;
				CLANG_WARN_CONSTANT_CONVERSION = YES;
				CLANG_WARN_DEPRECATED_OBJC_IMPLEMENTATIONS = YES;
				CLANG_WARN_DIRECT_OBJC_ISA_USAGE = YES_ERROR;
				CLANG_WARN_DOCUMENTATION_COMMENTS = YES;
				CLANG_WARN_EMPTY_BODY = YES;
				CLANG_WARN_ENUM_CONVERSION = YES;
				CLANG_WARN_INFINITE_RECURSION = YES;
				CLANG_WARN_INT_CONVERSION = YES;
				CLANG_WARN_NON_LITERAL_NULL_CONVERSION = YES;
				CLANG_WARN_OBJC_IMPLICIT_RETAIN_SELF = YES;
				CLANG_WARN_OBJC_LITERAL_CONVERSION = YES;
				CLANG_WARN_OBJC_ROOT_CLASS = YES_ERROR;
				CLANG_WARN_QUOTED_INCLUDE_IN_FRAMEWORK_HEADER = YES;
				CLANG_WARN_RANGE_LOOP_ANALYSIS = YES;
				CLANG_WARN_STRICT_PROTOTYPES = YES;
				CLANG_WARN_SUSPICIOUS_MOVE = YES;
				CLANG_WARN_UNGUARDED_AVAILABILITY = YES_AGGRESSIVE;
				CLANG_WARN_UNREACHABLE_CODE = YES;
				CLANG_WARN__DUPLICATE_METHOD_MATCH = YES;
				COPY_PHASE_STRIP = NO;
				DEBUG_INFORMATION_FORMAT = "dwarf-with-dsym";
				ENABLE_NS_ASSERTIONS = NO;
				ENABLE_STRICT_OBJC_MSGSEND = YES;
				GCC_C_LANGUAGE_STANDARD = gnu11;
				GCC_NO_COMMON_BLOCKS = YES;
				GCC_WARN_64_TO_32_BIT_CONVERSION = YES;
				GCC_WARN_ABOUT_RETURN_TYPE = YES_ERROR;
				GCC_WARN_UNDECLARED_SELECTOR = YES;
				GCC_WARN_UNINITIALIZED_AUTOS = YES_AGGRESSIVE;
				GCC_WARN_UNUSED_FUNCTION = YES;
				GCC_WARN_UNUSED_VARIABLE = YES;
				IPHONEOS_DEPLOYMENT_TARGET = 14.5;
				MTL_ENABLE_DEBUG_INFO = NO;
				MTL_FAST_MATH = YES;
				SDKROOT = iphoneos;
				SWIFT_COMPILATION_MODE = wholemodule;
				SWIFT_OPTIMIZATION_LEVEL = "-O";
				VALIDATE_PRODUCT = YES;
			};
			name = Release;
		};
		DCCF8ACD27299D6A00933DD1 /* Debug */ = {
			isa = XCBuildConfiguration;
			buildSettings = {
				ASSETCATALOG_COMPILER_APPICON_NAME = AppIcon;
				ASSETCATALOG_COMPILER_GLOBAL_ACCENT_COLOR_NAME = AccentColor;
				CODE_SIGN_STYLE = Automatic;
				INFOPLIST_FILE = MovieApp/Resources/Info.plist;
				IPHONEOS_DEPLOYMENT_TARGET = 13.0;
				LD_RUNPATH_SEARCH_PATHS = (
					"$(inherited)",
					"@executable_path/Frameworks",
				);
				PRODUCT_BUNDLE_IDENTIFIER = com.rs.MovieApp;
				PRODUCT_NAME = "$(TARGET_NAME)";
				SWIFT_VERSION = 5.0;
				TARGETED_DEVICE_FAMILY = 1;
			};
			name = Debug;
		};
		DCCF8ACE27299D6A00933DD1 /* Release */ = {
			isa = XCBuildConfiguration;
			buildSettings = {
				ASSETCATALOG_COMPILER_APPICON_NAME = AppIcon;
				ASSETCATALOG_COMPILER_GLOBAL_ACCENT_COLOR_NAME = AccentColor;
				CODE_SIGN_STYLE = Automatic;
				INFOPLIST_FILE = MovieApp/Resources/Info.plist;
				IPHONEOS_DEPLOYMENT_TARGET = 13.0;
				LD_RUNPATH_SEARCH_PATHS = (
					"$(inherited)",
					"@executable_path/Frameworks",
				);
				PRODUCT_BUNDLE_IDENTIFIER = com.rs.MovieApp;
				PRODUCT_NAME = "$(TARGET_NAME)";
				SWIFT_VERSION = 5.0;
				TARGETED_DEVICE_FAMILY = 1;
			};
			name = Release;
		};
		DCCF8AD027299D6A00933DD1 /* Debug */ = {
			isa = XCBuildConfiguration;
			buildSettings = {
				ALWAYS_EMBED_SWIFT_STANDARD_LIBRARIES = YES;
				BUNDLE_LOADER = "$(TEST_HOST)";
				CODE_SIGN_STYLE = Automatic;
				INFOPLIST_FILE = MovieAppTests/Info.plist;
				IPHONEOS_DEPLOYMENT_TARGET = 14.5;
				LD_RUNPATH_SEARCH_PATHS = (
					"$(inherited)",
					"@executable_path/Frameworks",
					"@loader_path/Frameworks",
				);
				PRODUCT_BUNDLE_IDENTIFIER = com.rs.MovieAppTests;
				PRODUCT_NAME = "$(TARGET_NAME)";
				SWIFT_VERSION = 5.0;
				TARGETED_DEVICE_FAMILY = "1,2";
				TEST_HOST = "$(BUILT_PRODUCTS_DIR)/MovieApp.app/MovieApp";
			};
			name = Debug;
		};
		DCCF8AD127299D6A00933DD1 /* Release */ = {
			isa = XCBuildConfiguration;
			buildSettings = {
				ALWAYS_EMBED_SWIFT_STANDARD_LIBRARIES = YES;
				BUNDLE_LOADER = "$(TEST_HOST)";
				CODE_SIGN_STYLE = Automatic;
				INFOPLIST_FILE = MovieAppTests/Info.plist;
				IPHONEOS_DEPLOYMENT_TARGET = 14.5;
				LD_RUNPATH_SEARCH_PATHS = (
					"$(inherited)",
					"@executable_path/Frameworks",
					"@loader_path/Frameworks",
				);
				PRODUCT_BUNDLE_IDENTIFIER = com.rs.MovieAppTests;
				PRODUCT_NAME = "$(TARGET_NAME)";
				SWIFT_VERSION = 5.0;
				TARGETED_DEVICE_FAMILY = "1,2";
				TEST_HOST = "$(BUILT_PRODUCTS_DIR)/MovieApp.app/MovieApp";
			};
			name = Release;
		};
		DCCF8AD327299D6A00933DD1 /* Debug */ = {
			isa = XCBuildConfiguration;
			buildSettings = {
				ALWAYS_EMBED_SWIFT_STANDARD_LIBRARIES = YES;
				CODE_SIGN_STYLE = Automatic;
				INFOPLIST_FILE = MovieAppUITests/Info.plist;
				LD_RUNPATH_SEARCH_PATHS = (
					"$(inherited)",
					"@executable_path/Frameworks",
					"@loader_path/Frameworks",
				);
				PRODUCT_BUNDLE_IDENTIFIER = com.rs.MovieAppUITests;
				PRODUCT_NAME = "$(TARGET_NAME)";
				SWIFT_VERSION = 5.0;
				TARGETED_DEVICE_FAMILY = "1,2";
				TEST_TARGET_NAME = MovieApp;
			};
			name = Debug;
		};
		DCCF8AD427299D6A00933DD1 /* Release */ = {
			isa = XCBuildConfiguration;
			buildSettings = {
				ALWAYS_EMBED_SWIFT_STANDARD_LIBRARIES = YES;
				CODE_SIGN_STYLE = Automatic;
				INFOPLIST_FILE = MovieAppUITests/Info.plist;
				LD_RUNPATH_SEARCH_PATHS = (
					"$(inherited)",
					"@executable_path/Frameworks",
					"@loader_path/Frameworks",
				);
				PRODUCT_BUNDLE_IDENTIFIER = com.rs.MovieAppUITests;
				PRODUCT_NAME = "$(TARGET_NAME)";
				SWIFT_VERSION = 5.0;
				TARGETED_DEVICE_FAMILY = "1,2";
				TEST_TARGET_NAME = MovieApp;
			};
			name = Release;
		};
/* End XCBuildConfiguration section */

/* Begin XCConfigurationList section */
		DCCF8A9D27299D6700933DD1 /* Build configuration list for PBXProject "MovieApp" */ = {
			isa = XCConfigurationList;
			buildConfigurations = (
				DCCF8ACA27299D6A00933DD1 /* Debug */,
				DCCF8ACB27299D6A00933DD1 /* Release */,
			);
			defaultConfigurationIsVisible = 0;
			defaultConfigurationName = Release;
		};
		DCCF8ACC27299D6A00933DD1 /* Build configuration list for PBXNativeTarget "MovieApp" */ = {
			isa = XCConfigurationList;
			buildConfigurations = (
				DCCF8ACD27299D6A00933DD1 /* Debug */,
				DCCF8ACE27299D6A00933DD1 /* Release */,
			);
			defaultConfigurationIsVisible = 0;
			defaultConfigurationName = Release;
		};
		DCCF8ACF27299D6A00933DD1 /* Build configuration list for PBXNativeTarget "MovieAppTests" */ = {
			isa = XCConfigurationList;
			buildConfigurations = (
				DCCF8AD027299D6A00933DD1 /* Debug */,
				DCCF8AD127299D6A00933DD1 /* Release */,
			);
			defaultConfigurationIsVisible = 0;
			defaultConfigurationName = Release;
		};
		DCCF8AD227299D6A00933DD1 /* Build configuration list for PBXNativeTarget "MovieAppUITests" */ = {
			isa = XCConfigurationList;
			buildConfigurations = (
				DCCF8AD327299D6A00933DD1 /* Debug */,
				DCCF8AD427299D6A00933DD1 /* Release */,
			);
			defaultConfigurationIsVisible = 0;
			defaultConfigurationName = Release;
		};
/* End XCConfigurationList section */

/* Begin XCRemoteSwiftPackageReference section */
		DC49A02F272E895500F17DE9 /* XCRemoteSwiftPackageReference "Kingfisher" */ = {
			isa = XCRemoteSwiftPackageReference;
			repositoryURL = "https://github.com/onevcat/Kingfisher.git";
			requirement = {
				kind = upToNextMajorVersion;
				minimumVersion = 7.1.1;
			};
		};
		DC49A032272E897400F17DE9 /* XCRemoteSwiftPackageReference "CocoaLumberjack" */ = {
			isa = XCRemoteSwiftPackageReference;
			repositoryURL = "https://github.com/CocoaLumberjack/CocoaLumberjack.git";
			requirement = {
				kind = upToNextMajorVersion;
				minimumVersion = 3.7.2;
			};
		};
		DC864CF32736C849009BA64A /* XCRemoteSwiftPackageReference "MBProgressHUD" */ = {
			isa = XCRemoteSwiftPackageReference;
			repositoryURL = "https://github.com/jdg/MBProgressHUD.git";
			requirement = {
				kind = upToNextMajorVersion;
				minimumVersion = 1.2.0;
			};
		};
		DCCF8ADA2729A20E00933DD1 /* XCRemoteSwiftPackageReference "SnapKit" */ = {
			isa = XCRemoteSwiftPackageReference;
			repositoryURL = "https://github.com/SnapKit/SnapKit.git";
			requirement = {
				kind = upToNextMajorVersion;
				minimumVersion = 5.0.1;
			};
		};
/* End XCRemoteSwiftPackageReference section */

/* Begin XCSwiftPackageProductDependency section */
		DC49A030272E895500F17DE9 /* Kingfisher */ = {
			isa = XCSwiftPackageProductDependency;
			package = DC49A02F272E895500F17DE9 /* XCRemoteSwiftPackageReference "Kingfisher" */;
			productName = Kingfisher;
		};
		DC49A033272E897400F17DE9 /* CocoaLumberjackSwift */ = {
			isa = XCSwiftPackageProductDependency;
			package = DC49A032272E897400F17DE9 /* XCRemoteSwiftPackageReference "CocoaLumberjack" */;
			productName = CocoaLumberjackSwift;
		};
		DC49A035272E897400F17DE9 /* CocoaLumberjack */ = {
			isa = XCSwiftPackageProductDependency;
			package = DC49A032272E897400F17DE9 /* XCRemoteSwiftPackageReference "CocoaLumberjack" */;
			productName = CocoaLumberjack;
		};
		DC49A037272E897400F17DE9 /* CocoaLumberjackSwiftLogBackend */ = {
			isa = XCSwiftPackageProductDependency;
			package = DC49A032272E897400F17DE9 /* XCRemoteSwiftPackageReference "CocoaLumberjack" */;
			productName = CocoaLumberjackSwiftLogBackend;
		};
		DC864CF42736C849009BA64A /* MBProgressHUD */ = {
			isa = XCSwiftPackageProductDependency;
			package = DC864CF32736C849009BA64A /* XCRemoteSwiftPackageReference "MBProgressHUD" */;
			productName = MBProgressHUD;
		};
		DCCF8ADB2729A20E00933DD1 /* SnapKit */ = {
			isa = XCSwiftPackageProductDependency;
			package = DCCF8ADA2729A20E00933DD1 /* XCRemoteSwiftPackageReference "SnapKit" */;
			productName = SnapKit;
		};
/* End XCSwiftPackageProductDependency section */

/* Begin XCVersionGroup section */
		DC864CD627366C0A009BA64A /* Model.xcdatamodeld */ = {
			isa = XCVersionGroup;
			children = (
				DC864CD727366C0A009BA64A /* Model.xcdatamodel */,
			);
			currentVersion = DC864CD727366C0A009BA64A /* Model.xcdatamodel */;
			path = Model.xcdatamodeld;
			sourceTree = "<group>";
			versionGroupType = wrapper.xcdatamodel;
		};
/* End XCVersionGroup section */
	};
	rootObject = DCCF8A9A27299D6700933DD1 /* Project object */;
}
